// !$*UTF8*$!
{
	archiveVersion = 1;
	classes = {
	};
	objectVersion = 56;
	objects = {

/* Begin PBXBuildFile section */
		79FFFEC72B010E7500B74077 /* AppDelegate.m in Sources */ = {isa = PBXBuildFile; fileRef = 79FFFEC62B010E7500B74077 /* AppDelegate.m */; };
		79FFFECA2B010E7500B74077 /* SceneDelegate.m in Sources */ = {isa = PBXBuildFile; fileRef = 79FFFEC92B010E7500B74077 /* SceneDelegate.m */; };
		79FFFECD2B010E7500B74077 /* ViewController.m in Sources */ = {isa = PBXBuildFile; fileRef = 79FFFECC2B010E7500B74077 /* ViewController.m */; };
		79FFFED02B010E7500B74077 /* Main.storyboard in Resources */ = {isa = PBXBuildFile; fileRef = 79FFFECE2B010E7500B74077 /* Main.storyboard */; };
		79FFFED22B010E7700B74077 /* Assets.xcassets in Resources */ = {isa = PBXBuildFile; fileRef = 79FFFED12B010E7700B74077 /* Assets.xcassets */; };
		79FFFED52B010E7700B74077 /* LaunchScreen.storyboard in Resources */ = {isa = PBXBuildFile; fileRef = 79FFFED32B010E7700B74077 /* LaunchScreen.storyboard */; };
		79FFFED82B010E7700B74077 /* main.m in Sources */ = {isa = PBXBuildFile; fileRef = 79FFFED72B010E7700B74077 /* main.m */; };
		79FFFEE62B0122A800B74077 /* ISLoopmeCustomInterstitial.m in Sources */ = {isa = PBXBuildFile; fileRef = 79FFFEDF2B0122A800B74077 /* ISLoopmeCustomInterstitial.m */; };
		79FFFEE72B0122A800B74077 /* ISLoopmeCustomAdapter.m in Sources */ = {isa = PBXBuildFile; fileRef = 79FFFEE02B0122A800B74077 /* ISLoopmeCustomAdapter.m */; };
		79FFFEE82B0122A800B74077 /* ISLoopmeCustomRewardedVideo.m in Sources */ = {isa = PBXBuildFile; fileRef = 79FFFEE22B0122A800B74077 /* ISLoopmeCustomRewardedVideo.m */; };
		79FFFEE92B0122A800B74077 /* ISLoopmeCustomBanner.m in Sources */ = {isa = PBXBuildFile; fileRef = 79FFFEE42B0122A800B74077 /* ISLoopmeCustomBanner.m */; };
		A0B5EB7E8331E01ED8FCC3B8 /* Pods_ios_ironsource_objc.framework in Frameworks */ = {isa = PBXBuildFile; fileRef = 5D726F8311E3EED2D6536AF7 /* Pods_ios_ironsource_objc.framework */; };
/* End PBXBuildFile section */

/* Begin PBXCopyFilesBuildPhase section */
		79FFFEEE2B0123D600B74077 /* Embed Frameworks */ = {
			isa = PBXCopyFilesBuildPhase;
			buildActionMask = 2147483647;
			dstPath = "";
			dstSubfolderSpec = 10;
			files = (
			);
			name = "Embed Frameworks";
			runOnlyForDeploymentPostprocessing = 0;
		};
/* End PBXCopyFilesBuildPhase section */

/* Begin PBXFileReference section */
		459BD4D3665BFFFA0568DF84 /* Pods-ios-ironsource-objc.release.xcconfig */ = {isa = PBXFileReference; includeInIndex = 1; lastKnownFileType = text.xcconfig; name = "Pods-ios-ironsource-objc.release.xcconfig"; path = "Target Support Files/Pods-ios-ironsource-objc/Pods-ios-ironsource-objc.release.xcconfig"; sourceTree = "<group>"; };
		5D726F8311E3EED2D6536AF7 /* Pods_ios_ironsource_objc.framework */ = {isa = PBXFileReference; explicitFileType = wrapper.framework; includeInIndex = 0; path = Pods_ios_ironsource_objc.framework; sourceTree = BUILT_PRODUCTS_DIR; };
		79FFFEC22B010E7500B74077 /* ios-ironsource-objc.app */ = {isa = PBXFileReference; explicitFileType = wrapper.application; includeInIndex = 0; path = "ios-ironsource-objc.app"; sourceTree = BUILT_PRODUCTS_DIR; };
		79FFFEC52B010E7500B74077 /* AppDelegate.h */ = {isa = PBXFileReference; lastKnownFileType = sourcecode.c.h; path = AppDelegate.h; sourceTree = "<group>"; };
		79FFFEC62B010E7500B74077 /* AppDelegate.m */ = {isa = PBXFileReference; lastKnownFileType = sourcecode.c.objc; path = AppDelegate.m; sourceTree = "<group>"; };
		79FFFEC82B010E7500B74077 /* SceneDelegate.h */ = {isa = PBXFileReference; lastKnownFileType = sourcecode.c.h; path = SceneDelegate.h; sourceTree = "<group>"; };
		79FFFEC92B010E7500B74077 /* SceneDelegate.m */ = {isa = PBXFileReference; lastKnownFileType = sourcecode.c.objc; path = SceneDelegate.m; sourceTree = "<group>"; };
		79FFFECB2B010E7500B74077 /* ViewController.h */ = {isa = PBXFileReference; lastKnownFileType = sourcecode.c.h; path = ViewController.h; sourceTree = "<group>"; };
		79FFFECC2B010E7500B74077 /* ViewController.m */ = {isa = PBXFileReference; lastKnownFileType = sourcecode.c.objc; path = ViewController.m; sourceTree = "<group>"; };
		79FFFECF2B010E7500B74077 /* Base */ = {isa = PBXFileReference; lastKnownFileType = file.storyboard; name = Base; path = Base.lproj/Main.storyboard; sourceTree = "<group>"; };
		79FFFED12B010E7700B74077 /* Assets.xcassets */ = {isa = PBXFileReference; lastKnownFileType = folder.assetcatalog; path = Assets.xcassets; sourceTree = "<group>"; };
		79FFFED42B010E7700B74077 /* Base */ = {isa = PBXFileReference; lastKnownFileType = file.storyboard; name = Base; path = Base.lproj/LaunchScreen.storyboard; sourceTree = "<group>"; };
		79FFFED62B010E7700B74077 /* Info.plist */ = {isa = PBXFileReference; lastKnownFileType = text.plist.xml; path = Info.plist; sourceTree = "<group>"; };
		79FFFED72B010E7700B74077 /* main.m */ = {isa = PBXFileReference; lastKnownFileType = sourcecode.c.objc; path = main.m; sourceTree = "<group>"; };
		79FFFEDE2B0122A800B74077 /* ISLoopmeCustomInterstitial.h */ = {isa = PBXFileReference; fileEncoding = 4; lastKnownFileType = sourcecode.c.h; path = ISLoopmeCustomInterstitial.h; sourceTree = "<group>"; };
		79FFFEDF2B0122A800B74077 /* ISLoopmeCustomInterstitial.m */ = {isa = PBXFileReference; fileEncoding = 4; lastKnownFileType = sourcecode.c.objc; path = ISLoopmeCustomInterstitial.m; sourceTree = "<group>"; };
		79FFFEE02B0122A800B74077 /* ISLoopmeCustomAdapter.m */ = {isa = PBXFileReference; fileEncoding = 4; lastKnownFileType = sourcecode.c.objc; path = ISLoopmeCustomAdapter.m; sourceTree = "<group>"; };
		79FFFEE12B0122A800B74077 /* ISLoopmeCustomRewardedVideo.h */ = {isa = PBXFileReference; fileEncoding = 4; lastKnownFileType = sourcecode.c.h; path = ISLoopmeCustomRewardedVideo.h; sourceTree = "<group>"; };
		79FFFEE22B0122A800B74077 /* ISLoopmeCustomRewardedVideo.m */ = {isa = PBXFileReference; fileEncoding = 4; lastKnownFileType = sourcecode.c.objc; path = ISLoopmeCustomRewardedVideo.m; sourceTree = "<group>"; };
		79FFFEE32B0122A800B74077 /* ISLoopmeCustomBanner.h */ = {isa = PBXFileReference; fileEncoding = 4; lastKnownFileType = sourcecode.c.h; path = ISLoopmeCustomBanner.h; sourceTree = "<group>"; };
		79FFFEE42B0122A800B74077 /* ISLoopmeCustomBanner.m */ = {isa = PBXFileReference; fileEncoding = 4; lastKnownFileType = sourcecode.c.objc; path = ISLoopmeCustomBanner.m; sourceTree = "<group>"; };
		79FFFEE52B0122A800B74077 /* ISLoopmeCustomAdapter.h */ = {isa = PBXFileReference; fileEncoding = 4; lastKnownFileType = sourcecode.c.h; path = ISLoopmeCustomAdapter.h; sourceTree = "<group>"; };
		CC9972AD28519812A247D9EA /* Pods-ios-ironsource-objc.debug.xcconfig */ = {isa = PBXFileReference; includeInIndex = 1; lastKnownFileType = text.xcconfig; name = "Pods-ios-ironsource-objc.debug.xcconfig"; path = "Target Support Files/Pods-ios-ironsource-objc/Pods-ios-ironsource-objc.debug.xcconfig"; sourceTree = "<group>"; };
/* End PBXFileReference section */

/* Begin PBXFrameworksBuildPhase section */
		79FFFEBF2B010E7500B74077 /* Frameworks */ = {
			isa = PBXFrameworksBuildPhase;
			buildActionMask = 2147483647;
			files = (
				A0B5EB7E8331E01ED8FCC3B8 /* Pods_ios_ironsource_objc.framework in Frameworks */,
			);
			runOnlyForDeploymentPostprocessing = 0;
		};
/* End PBXFrameworksBuildPhase section */

/* Begin PBXGroup section */
		6E4D63D3A301539292DD7E7C /* Pods */ = {
			isa = PBXGroup;
			children = (
				CC9972AD28519812A247D9EA /* Pods-ios-ironsource-objc.debug.xcconfig */,
				459BD4D3665BFFFA0568DF84 /* Pods-ios-ironsource-objc.release.xcconfig */,
			);
			path = Pods;
			sourceTree = "<group>";
		};
		79FFFEB92B010E7500B74077 = {
			isa = PBXGroup;
			children = (
				79FFFEC42B010E7500B74077 /* ios-ironsource-objc */,
				79FFFEC32B010E7500B74077 /* Products */,
				6E4D63D3A301539292DD7E7C /* Pods */,
				82CA04F49EE5D3B2FA088D42 /* Frameworks */,
			);
			sourceTree = "<group>";
		};
		79FFFEC32B010E7500B74077 /* Products */ = {
			isa = PBXGroup;
			children = (
				79FFFEC22B010E7500B74077 /* ios-ironsource-objc.app */,
			);
			name = Products;
			sourceTree = "<group>";
		};
		79FFFEC42B010E7500B74077 /* ios-ironsource-objc */ = {
			isa = PBXGroup;
			children = (
				79FFFEC52B010E7500B74077 /* AppDelegate.h */,
				79FFFEC62B010E7500B74077 /* AppDelegate.m */,
				79FFFEC82B010E7500B74077 /* SceneDelegate.h */,
				79FFFEC92B010E7500B74077 /* SceneDelegate.m */,
				79FFFECB2B010E7500B74077 /* ViewController.h */,
				79FFFECC2B010E7500B74077 /* ViewController.m */,
				79FFFEE52B0122A800B74077 /* ISLoopmeCustomAdapter.h */,
				79FFFEE02B0122A800B74077 /* ISLoopmeCustomAdapter.m */,
				79FFFEE32B0122A800B74077 /* ISLoopmeCustomBanner.h */,
				79FFFEE42B0122A800B74077 /* ISLoopmeCustomBanner.m */,
				79FFFEDE2B0122A800B74077 /* ISLoopmeCustomInterstitial.h */,
				79FFFEDF2B0122A800B74077 /* ISLoopmeCustomInterstitial.m */,
				79FFFEE12B0122A800B74077 /* ISLoopmeCustomRewardedVideo.h */,
				79FFFEE22B0122A800B74077 /* ISLoopmeCustomRewardedVideo.m */,
				79FFFECE2B010E7500B74077 /* Main.storyboard */,
				79FFFED12B010E7700B74077 /* Assets.xcassets */,
				79FFFED32B010E7700B74077 /* LaunchScreen.storyboard */,
				79FFFED62B010E7700B74077 /* Info.plist */,
				79FFFED72B010E7700B74077 /* main.m */,
			);
			path = "ios-ironsource-objc";
			sourceTree = "<group>";
		};
		82CA04F49EE5D3B2FA088D42 /* Frameworks */ = {
			isa = PBXGroup;
			children = (
				5D726F8311E3EED2D6536AF7 /* Pods_ios_ironsource_objc.framework */,
			);
			name = Frameworks;
			sourceTree = "<group>";
		};
/* End PBXGroup section */

/* Begin PBXNativeTarget section */
		79FFFEC12B010E7500B74077 /* ios-ironsource-objc */ = {
			isa = PBXNativeTarget;
			buildConfigurationList = 79FFFEDB2B010E7700B74077 /* Build configuration list for PBXNativeTarget "ios-ironsource-objc" */;
			buildPhases = (
				501C85DDE6FB1C2E2318718C /* [CP] Check Pods Manifest.lock */,
				79FFFEBE2B010E7500B74077 /* Sources */,
				79FFFEBF2B010E7500B74077 /* Frameworks */,
				79FFFEC02B010E7500B74077 /* Resources */,
				79FFFEEE2B0123D600B74077 /* Embed Frameworks */,
				27DA61028705429C246071FB /* [CP] Embed Pods Frameworks */,
				E0D903096F18626D1CED17E1 /* [CP] Copy Pods Resources */,
			);
			buildRules = (
			);
			dependencies = (
			);
			name = "ios-ironsource-objc";
			productName = "ios-ironsource-objc";
			productReference = 79FFFEC22B010E7500B74077 /* ios-ironsource-objc.app */;
			productType = "com.apple.product-type.application";
		};
/* End PBXNativeTarget section */

/* Begin PBXProject section */
		79FFFEBA2B010E7500B74077 /* Project object */ = {
			isa = PBXProject;
			attributes = {
				BuildIndependentTargetsInParallel = 1;
				LastUpgradeCheck = 1500;
				TargetAttributes = {
					79FFFEC12B010E7500B74077 = {
						CreatedOnToolsVersion = 15.0;
					};
				};
			};
			buildConfigurationList = 79FFFEBD2B010E7500B74077 /* Build configuration list for PBXProject "ios-ironsource-objc" */;
			compatibilityVersion = "Xcode 14.0";
			developmentRegion = en;
			hasScannedForEncodings = 0;
			knownRegions = (
				en,
				Base,
			);
			mainGroup = 79FFFEB92B010E7500B74077;
			productRefGroup = 79FFFEC32B010E7500B74077 /* Products */;
			projectDirPath = "";
			projectRoot = "";
			targets = (
				79FFFEC12B010E7500B74077 /* ios-ironsource-objc */,
			);
		};
/* End PBXProject section */

/* Begin PBXResourcesBuildPhase section */
		79FFFEC02B010E7500B74077 /* Resources */ = {
			isa = PBXResourcesBuildPhase;
			buildActionMask = 2147483647;
			files = (
				79FFFED52B010E7700B74077 /* LaunchScreen.storyboard in Resources */,
				79FFFED22B010E7700B74077 /* Assets.xcassets in Resources */,
				79FFFED02B010E7500B74077 /* Main.storyboard in Resources */,
			);
			runOnlyForDeploymentPostprocessing = 0;
		};
/* End PBXResourcesBuildPhase section */

/* Begin PBXShellScriptBuildPhase section */
		27DA61028705429C246071FB /* [CP] Embed Pods Frameworks */ = {
			isa = PBXShellScriptBuildPhase;
			buildActionMask = 2147483647;
			files = (
			);
			inputFileListPaths = (
				"${PODS_ROOT}/Target Support Files/Pods-ios-ironsource-objc/Pods-ios-ironsource-objc-frameworks-${CONFIGURATION}-input-files.xcfilelist",
			);
			name = "[CP] Embed Pods Frameworks";
			outputFileListPaths = (
				"${PODS_ROOT}/Target Support Files/Pods-ios-ironsource-objc/Pods-ios-ironsource-objc-frameworks-${CONFIGURATION}-output-files.xcfilelist",
			);
			runOnlyForDeploymentPostprocessing = 0;
			shellPath = /bin/sh;
			shellScript = "\"${PODS_ROOT}/Target Support Files/Pods-ios-ironsource-objc/Pods-ios-ironsource-objc-frameworks.sh\"\n";
			showEnvVarsInLog = 0;
		};
		501C85DDE6FB1C2E2318718C /* [CP] Check Pods Manifest.lock */ = {
			isa = PBXShellScriptBuildPhase;
			buildActionMask = 2147483647;
			files = (
			);
			inputFileListPaths = (
			);
			inputPaths = (
				"${PODS_PODFILE_DIR_PATH}/Podfile.lock",
				"${PODS_ROOT}/Manifest.lock",
			);
			name = "[CP] Check Pods Manifest.lock";
			outputFileListPaths = (
			);
			outputPaths = (
				"$(DERIVED_FILE_DIR)/Pods-ios-ironsource-objc-checkManifestLockResult.txt",
			);
			runOnlyForDeploymentPostprocessing = 0;
			shellPath = /bin/sh;
			shellScript = "diff \"${PODS_PODFILE_DIR_PATH}/Podfile.lock\" \"${PODS_ROOT}/Manifest.lock\" > /dev/null\nif [ $? != 0 ] ; then\n    # print error to STDERR\n    echo \"error: The sandbox is not in sync with the Podfile.lock. Run 'pod install' or update your CocoaPods installation.\" >&2\n    exit 1\nfi\n# This output is used by Xcode 'outputs' to avoid re-running this script phase.\necho \"SUCCESS\" > \"${SCRIPT_OUTPUT_FILE_0}\"\n";
			showEnvVarsInLog = 0;
		};
		E0D903096F18626D1CED17E1 /* [CP] Copy Pods Resources */ = {
			isa = PBXShellScriptBuildPhase;
			buildActionMask = 2147483647;
			files = (
			);
			inputFileListPaths = (
				"${PODS_ROOT}/Target Support Files/Pods-ios-ironsource-objc/Pods-ios-ironsource-objc-resources-${CONFIGURATION}-input-files.xcfilelist",
			);
			name = "[CP] Copy Pods Resources";
			outputFileListPaths = (
				"${PODS_ROOT}/Target Support Files/Pods-ios-ironsource-objc/Pods-ios-ironsource-objc-resources-${CONFIGURATION}-output-files.xcfilelist",
			);
			runOnlyForDeploymentPostprocessing = 0;
			shellPath = /bin/sh;
			shellScript = "\"${PODS_ROOT}/Target Support Files/Pods-ios-ironsource-objc/Pods-ios-ironsource-objc-resources.sh\"\n";
			showEnvVarsInLog = 0;
		};
/* End PBXShellScriptBuildPhase section */

/* Begin PBXSourcesBuildPhase section */
		79FFFEBE2B010E7500B74077 /* Sources */ = {
			isa = PBXSourcesBuildPhase;
			buildActionMask = 2147483647;
			files = (
				79FFFEE62B0122A800B74077 /* ISLoopmeCustomInterstitial.m in Sources */,
				79FFFEE82B0122A800B74077 /* ISLoopmeCustomRewardedVideo.m in Sources */,
				79FFFEE92B0122A800B74077 /* ISLoopmeCustomBanner.m in Sources */,
				79FFFECD2B010E7500B74077 /* ViewController.m in Sources */,
				79FFFEC72B010E7500B74077 /* AppDelegate.m in Sources */,
				79FFFED82B010E7700B74077 /* main.m in Sources */,
				79FFFEE72B0122A800B74077 /* ISLoopmeCustomAdapter.m in Sources */,
				79FFFECA2B010E7500B74077 /* SceneDelegate.m in Sources */,
			);
			runOnlyForDeploymentPostprocessing = 0;
		};
/* End PBXSourcesBuildPhase section */

/* Begin PBXVariantGroup section */
		79FFFECE2B010E7500B74077 /* Main.storyboard */ = {
			isa = PBXVariantGroup;
			children = (
				79FFFECF2B010E7500B74077 /* Base */,
			);
			name = Main.storyboard;
			sourceTree = "<group>";
		};
		79FFFED32B010E7700B74077 /* LaunchScreen.storyboard */ = {
			isa = PBXVariantGroup;
			children = (
				79FFFED42B010E7700B74077 /* Base */,
			);
			name = LaunchScreen.storyboard;
			sourceTree = "<group>";
		};
/* End PBXVariantGroup section */

/* Begin XCBuildConfiguration section */
		79FFFED92B010E7700B74077 /* Debug */ = {
			isa = XCBuildConfiguration;
			buildSettings = {
				ALWAYS_SEARCH_USER_PATHS = NO;
				ASSETCATALOG_COMPILER_GENERATE_SWIFT_ASSET_SYMBOL_EXTENSIONS = YES;
				CLANG_ANALYZER_NONNULL = YES;
				CLANG_ANALYZER_NUMBER_OBJECT_CONVERSION = YES_AGGRESSIVE;
				CLANG_CXX_LANGUAGE_STANDARD = "gnu++20";
				CLANG_ENABLE_MODULES = YES;
				CLANG_ENABLE_OBJC_ARC = YES;
				CLANG_ENABLE_OBJC_WEAK = YES;
				CLANG_WARN_BLOCK_CAPTURE_AUTORELEASING = YES;
				CLANG_WARN_BOOL_CONVERSION = YES;
				CLANG_WARN_COMMA = YES;
				CLANG_WARN_CONSTANT_CONVERSION = YES;
				CLANG_WARN_DEPRECATED_OBJC_IMPLEMENTATIONS = YES;
				CLANG_WARN_DIRECT_OBJC_ISA_USAGE = YES_ERROR;
				CLANG_WARN_DOCUMENTATION_COMMENTS = YES;
				CLANG_WARN_EMPTY_BODY = YES;
				CLANG_WARN_ENUM_CONVERSION = YES;
				CLANG_WARN_INFINITE_RECURSION = YES;
				CLANG_WARN_INT_CONVERSION = YES;
				CLANG_WARN_NON_LITERAL_NULL_CONVERSION = YES;
				CLANG_WARN_OBJC_IMPLICIT_RETAIN_SELF = YES;
				CLANG_WARN_OBJC_LITERAL_CONVERSION = YES;
				CLANG_WARN_OBJC_ROOT_CLASS = YES_ERROR;
				CLANG_WARN_QUOTED_INCLUDE_IN_FRAMEWORK_HEADER = YES;
				CLANG_WARN_RANGE_LOOP_ANALYSIS = YES;
				CLANG_WARN_STRICT_PROTOTYPES = YES;
				CLANG_WARN_SUSPICIOUS_MOVE = YES;
				CLANG_WARN_UNGUARDED_AVAILABILITY = YES_AGGRESSIVE;
				CLANG_WARN_UNREACHABLE_CODE = YES;
				CLANG_WARN__DUPLICATE_METHOD_MATCH = YES;
				COPY_PHASE_STRIP = NO;
				DEBUG_INFORMATION_FORMAT = dwarf;
				ENABLE_STRICT_OBJC_MSGSEND = YES;
				ENABLE_TESTABILITY = YES;
				ENABLE_USER_SCRIPT_SANDBOXING = YES;
				GCC_C_LANGUAGE_STANDARD = gnu17;
				GCC_DYNAMIC_NO_PIC = NO;
				GCC_NO_COMMON_BLOCKS = YES;
				GCC_OPTIMIZATION_LEVEL = 0;
				GCC_PREPROCESSOR_DEFINITIONS = (
					"DEBUG=1",
					"$(inherited)",
				);
				GCC_WARN_64_TO_32_BIT_CONVERSION = YES;
				GCC_WARN_ABOUT_RETURN_TYPE = YES_ERROR;
				GCC_WARN_UNDECLARED_SELECTOR = YES;
				GCC_WARN_UNINITIALIZED_AUTOS = YES_AGGRESSIVE;
				GCC_WARN_UNUSED_FUNCTION = YES;
				GCC_WARN_UNUSED_VARIABLE = YES;
				IPHONEOS_DEPLOYMENT_TARGET = 17.0;
				LOCALIZATION_PREFERS_STRING_CATALOGS = YES;
				MTL_ENABLE_DEBUG_INFO = INCLUDE_SOURCE;
				MTL_FAST_MATH = YES;
				ONLY_ACTIVE_ARCH = YES;
				SDKROOT = iphoneos;
			};
			name = Debug;
		};
		79FFFEDA2B010E7700B74077 /* Release */ = {
			isa = XCBuildConfiguration;
			buildSettings = {
				ALWAYS_SEARCH_USER_PATHS = NO;
				ASSETCATALOG_COMPILER_GENERATE_SWIFT_ASSET_SYMBOL_EXTENSIONS = YES;
				CLANG_ANALYZER_NONNULL = YES;
				CLANG_ANALYZER_NUMBER_OBJECT_CONVERSION = YES_AGGRESSIVE;
				CLANG_CXX_LANGUAGE_STANDARD = "gnu++20";
				CLANG_ENABLE_MODULES = YES;
				CLANG_ENABLE_OBJC_ARC = YES;
				CLANG_ENABLE_OBJC_WEAK = YES;
				CLANG_WARN_BLOCK_CAPTURE_AUTORELEASING = YES;
				CLANG_WARN_BOOL_CONVERSION = YES;
				CLANG_WARN_COMMA = YES;
				CLANG_WARN_CONSTANT_CONVERSION = YES;
				CLANG_WARN_DEPRECATED_OBJC_IMPLEMENTATIONS = YES;
				CLANG_WARN_DIRECT_OBJC_ISA_USAGE = YES_ERROR;
				CLANG_WARN_DOCUMENTATION_COMMENTS = YES;
				CLANG_WARN_EMPTY_BODY = YES;
				CLANG_WARN_ENUM_CONVERSION = YES;
				CLANG_WARN_INFINITE_RECURSION = YES;
				CLANG_WARN_INT_CONVERSION = YES;
				CLANG_WARN_NON_LITERAL_NULL_CONVERSION = YES;
				CLANG_WARN_OBJC_IMPLICIT_RETAIN_SELF = YES;
				CLANG_WARN_OBJC_LITERAL_CONVERSION = YES;
				CLANG_WARN_OBJC_ROOT_CLASS = YES_ERROR;
				CLANG_WARN_QUOTED_INCLUDE_IN_FRAMEWORK_HEADER = YES;
				CLANG_WARN_RANGE_LOOP_ANALYSIS = YES;
				CLANG_WARN_STRICT_PROTOTYPES = YES;
				CLANG_WARN_SUSPICIOUS_MOVE = YES;
				CLANG_WARN_UNGUARDED_AVAILABILITY = YES_AGGRESSIVE;
				CLANG_WARN_UNREACHABLE_CODE = YES;
				CLANG_WARN__DUPLICATE_METHOD_MATCH = YES;
				COPY_PHASE_STRIP = NO;
				DEBUG_INFORMATION_FORMAT = "dwarf-with-dsym";
				ENABLE_NS_ASSERTIONS = NO;
				ENABLE_STRICT_OBJC_MSGSEND = YES;
				ENABLE_USER_SCRIPT_SANDBOXING = YES;
				GCC_C_LANGUAGE_STANDARD = gnu17;
				GCC_NO_COMMON_BLOCKS = YES;
				GCC_WARN_64_TO_32_BIT_CONVERSION = YES;
				GCC_WARN_ABOUT_RETURN_TYPE = YES_ERROR;
				GCC_WARN_UNDECLARED_SELECTOR = YES;
				GCC_WARN_UNINITIALIZED_AUTOS = YES_AGGRESSIVE;
				GCC_WARN_UNUSED_FUNCTION = YES;
				GCC_WARN_UNUSED_VARIABLE = YES;
				IPHONEOS_DEPLOYMENT_TARGET = 17.0;
				LOCALIZATION_PREFERS_STRING_CATALOGS = YES;
				MTL_ENABLE_DEBUG_INFO = NO;
				MTL_FAST_MATH = YES;
				SDKROOT = iphoneos;
				VALIDATE_PRODUCT = YES;
			};
			name = Release;
		};
		79FFFEDC2B010E7700B74077 /* Debug */ = {
			isa = XCBuildConfiguration;
			baseConfigurationReference = CC9972AD28519812A247D9EA /* Pods-ios-ironsource-objc.debug.xcconfig */;
			buildSettings = {
				ASSETCATALOG_COMPILER_APPICON_NAME = AppIcon;
				ASSETCATALOG_COMPILER_GLOBAL_ACCENT_COLOR_NAME = AccentColor;
				CODE_SIGN_STYLE = Automatic;
				CURRENT_PROJECT_VERSION = 1;
				DEVELOPMENT_TEAM = MYUKT9Y34Z;
				ENABLE_USER_SCRIPT_SANDBOXING = NO;
				GENERATE_INFOPLIST_FILE = YES;
				INFOPLIST_FILE = "ios-ironsource-objc/Info.plist";
				INFOPLIST_KEY_UIApplicationSupportsIndirectInputEvents = YES;
				INFOPLIST_KEY_UILaunchStoryboardName = LaunchScreen;
				INFOPLIST_KEY_UIMainStoryboardFile = Main;
				INFOPLIST_KEY_UISupportedInterfaceOrientations_iPad = "UIInterfaceOrientationPortrait UIInterfaceOrientationPortraitUpsideDown UIInterfaceOrientationLandscapeLeft UIInterfaceOrientationLandscapeRight";
				INFOPLIST_KEY_UISupportedInterfaceOrientations_iPhone = "UIInterfaceOrientationPortrait UIInterfaceOrientationLandscapeLeft UIInterfaceOrientationLandscapeRight";
				LD_RUNPATH_SEARCH_PATHS = (
					"$(inherited)",
					"@executable_path/Frameworks",
				);
				MARKETING_VERSION = 1.0;
				PRODUCT_BUNDLE_IDENTIFIER = "com.siok.ios-ironsource-objc";
				PRODUCT_NAME = "$(TARGET_NAME)";
				SWIFT_EMIT_LOC_STRINGS = YES;
				TARGETED_DEVICE_FAMILY = "1,2";
			};
			name = Debug;
		};
		79FFFEDD2B010E7700B74077 /* Release */ = {
			isa = XCBuildConfiguration;
			baseConfigurationReference = 459BD4D3665BFFFA0568DF84 /* Pods-ios-ironsource-objc.release.xcconfig */;
			buildSettings = {
				ASSETCATALOG_COMPILER_APPICON_NAME = AppIcon;
				ASSETCATALOG_COMPILER_GLOBAL_ACCENT_COLOR_NAME = AccentColor;
				CODE_SIGN_STYLE = Automatic;
				CURRENT_PROJECT_VERSION = 1;
				DEVELOPMENT_TEAM = MYUKT9Y34Z;
				ENABLE_USER_SCRIPT_SANDBOXING = NO;
				GENERATE_INFOPLIST_FILE = YES;
				INFOPLIST_FILE = "ios-ironsource-objc/Info.plist";
				INFOPLIST_KEY_UIApplicationSupportsIndirectInputEvents = YES;
				INFOPLIST_KEY_UILaunchStoryboardName = LaunchScreen;
				INFOPLIST_KEY_UIMainStoryboardFile = Main;
				INFOPLIST_KEY_UISupportedInterfaceOrientations_iPad = "UIInterfaceOrientationPortrait UIInterfaceOrientationPortraitUpsideDown UIInterfaceOrientationLandscapeLeft UIInterfaceOrientationLandscapeRight";
				INFOPLIST_KEY_UISupportedInterfaceOrientations_iPhone = "UIInterfaceOrientationPortrait UIInterfaceOrientationLandscapeLeft UIInterfaceOrientationLandscapeRight";
				LD_RUNPATH_SEARCH_PATHS = (
					"$(inherited)",
					"@executable_path/Frameworks",
				);
				MARKETING_VERSION = 1.0;
				PRODUCT_BUNDLE_IDENTIFIER = "com.siok.ios-ironsource-objc";
				PRODUCT_NAME = "$(TARGET_NAME)";
				SWIFT_EMIT_LOC_STRINGS = YES;
				TARGETED_DEVICE_FAMILY = "1,2";
			};
			name = Release;
		};
/* End XCBuildConfiguration section */

/* Begin XCConfigurationList section */
		79FFFEBD2B010E7500B74077 /* Build configuration list for PBXProject "ios-ironsource-objc" */ = {
			isa = XCConfigurationList;
			buildConfigurations = (
				79FFFED92B010E7700B74077 /* Debug */,
				79FFFEDA2B010E7700B74077 /* Release */,
			);
			defaultConfigurationIsVisible = 0;
			defaultConfigurationName = Release;
		};
		79FFFEDB2B010E7700B74077 /* Build configuration list for PBXNativeTarget "ios-ironsource-objc" */ = {
			isa = XCConfigurationList;
			buildConfigurations = (
				79FFFEDC2B010E7700B74077 /* Debug */,
				79FFFEDD2B010E7700B74077 /* Release */,
			);
			defaultConfigurationIsVisible = 0;
			defaultConfigurationName = Release;
		};
/* End XCConfigurationList section */
	};
	rootObject = 79FFFEBA2B010E7500B74077 /* Project object */;
}
